
Microsoft Visual Studio Solution File, Format Version 12.00
# Visual Studio Version 16
VisualStudioVersion = 16.0.33423.256
MinimumVisualStudioVersion = 10.0.40219.1
Project("{8BC9CEB8-8B4A-11D0-8D11-00A0C91BC942}") = "project001_LastBattle_BrushUp", "project001_LastBattle_BrushUp.vcxproj", "{74C1F44B-08C1-41FB-A887-4AD7E9EF7C78}"
EndProject
Global
	GlobalSection(SolutionConfigurationPlatforms) = preSolution
		Debug|x64 = Debug|x64
		Debug|x86 = Debug|x86
		Release|x64 = Release|x64
		Release|x86 = Release|x86
	EndGlobalSection
	GlobalSection(ProjectConfigurationPlatforms) = postSolution
		{74C1F44B-08C1-41FB-A887-4AD7E9EF7C78}.Debug|x64.ActiveCfg = Debug|x64
		{74C1F44B-08C1-41FB-A887-4AD7E9EF7C78}.Debug|x64.Build.0 = Debug|x64
		{74C1F44B-08C1-41FB-A887-4AD7E9EF7C78}.Debug|x86.ActiveCfg = Debug|Win32
		{74C1F44B-08C1-41FB-A887-4AD7E9EF7C78}.Debug|x86.Build.0 = Debug|Win32
		{74C1F44B-08C1-41FB-A887-4AD7E9EF7C78}.Release|x64.ActiveCfg = Release|x64
		{74C1F44B-08C1-41FB-A887-4AD7E9EF7C78}.Release|x64.Build.0 = Release|x64
		{74C1F44B-08C1-41FB-A887-4AD7E9EF7C78}.Release|x86.ActiveCfg = Release|Win32
		{74C1F44B-08C1-41FB-A887-4AD7E9EF7C78}.Release|x86.Build.0 = Release|Win32
	EndGlobalSection
	GlobalSection(SolutionProperties) = preSolution
		HideSolutionNode = FALSE
	EndGlobalSection
	GlobalSection(ExtensibilityGlobals) = postSolution
		SolutionGuid = {5A686EF5-295D-4A69-A426-F70076CB3249}
	EndGlobalSection
EndGlobal
